# This file is automatically @generated by Cargo.
# It is not intended for manual editing.
version = 4

[[package]]
name = "calculator"
version = "0.1.0"
dependencies = [
 "math-utils",
]

[[package]]
name = "math-utils"
version = "0.1.0"

[[package]]
name = "root"
version = "0.1.0"
dependencies = [
 "math-utils",
]
