# This file is automatically @generated by Cargo.
# It is not intended for manual editing.
version = 4

[[package]]
name = "crate-a"
version = "0.1.0"
dependencies = [
 "crate-b",
]

[[package]]
name = "crate-b"
version = "0.1.0"
dependencies = [
 "crate-c",
]

[[package]]
name = "crate-c"
version = "0.1.0"
